
Microsoft Visual Studio Solution File, Format Version 12.00
# Visual Studio Version 17
VisualStudioVersion = 17.8.34525.116
MinimumVisualStudioVersion = 10.0.40219.1
Project("{FAE04EC0-301F-11D3-BF4B-00C04F79EFBC}") = "App1.Android", "App1.Android\App1.Android.csproj", "{90074F2A-C40D-4CB2-954E-B7FC6A0D83F1}"
EndProject
Project("{FAE04EC0-301F-11D3-BF4B-00C04F79EFBC}") = "App1", "App1\App1.csproj", "{6CF079C3-ACD7-46B2-8B46-FDD570735B8B}"
EndProject
Global
	GlobalSection(SolutionConfigurationPlatforms) = preSolution
		Debug|Any CPU = Debug|Any CPU
		Release|Any CPU = Release|Any CPU
	EndGlobalSection
	GlobalSection(ProjectConfigurationPlatforms) = postSolution
		{90074F2A-C40D-4CB2-954E-B7FC6A0D83F1}.Debug|Any CPU.ActiveCfg = Debug|Any CPU
		{90074F2A-C40D-4CB2-954E-B7FC6A0D83F1}.Debug|Any CPU.Build.0 = Debug|Any CPU
		{90074F2A-C40D-4CB2-954E-B7FC6A0D83F1}.Debug|Any CPU.Deploy.0 = Debug|Any CPU
		{90074F2A-C40D-4CB2-954E-B7FC6A0D83F1}.Release|Any CPU.ActiveCfg = Release|Any CPU
		{90074F2A-C40D-4CB2-954E-B7FC6A0D83F1}.Release|Any CPU.Build.0 = Release|Any CPU
		{90074F2A-C40D-4CB2-954E-B7FC6A0D83F1}.Release|Any CPU.Deploy.0 = Release|Any CPU
		{6CF079C3-ACD7-46B2-8B46-FDD570735B8B}.Debug|Any CPU.ActiveCfg = Debug|Any CPU
		{6CF079C3-ACD7-46B2-8B46-FDD570735B8B}.Debug|Any CPU.Build.0 = Debug|Any CPU
		{6CF079C3-ACD7-46B2-8B46-FDD570735B8B}.Debug|Any CPU.Deploy.0 = Debug|Any CPU
		{6CF079C3-ACD7-46B2-8B46-FDD570735B8B}.Release|Any CPU.ActiveCfg = Release|Any CPU
		{6CF079C3-ACD7-46B2-8B46-FDD570735B8B}.Release|Any CPU.Build.0 = Release|Any CPU
		{6CF079C3-ACD7-46B2-8B46-FDD570735B8B}.Release|Any CPU.Deploy.0 = Release|Any CPU
	EndGlobalSection
	GlobalSection(SolutionProperties) = preSolution
		HideSolutionNode = FALSE
	EndGlobalSection
	GlobalSection(ExtensibilityGlobals) = postSolution
		SolutionGuid = {048961CD-A717-42FC-A3C0-E34FDA4CBD91}
	EndGlobalSection
EndGlobal
