
Microsoft Visual Studio Solution File, Format Version 12.00
# Visual Studio Version 17
VisualStudioVersion = 17.8.34525.116
MinimumVisualStudioVersion = 10.0.40219.1
Project("{9A19103F-16F7-4668-BE54-9A1E7A4F7556}") = "Forest", "Forest.csproj", "{D5B6F1FC-E4C1-4CD3-96F2-D660DF315755}"
EndProject
Project("{9A19103F-16F7-4668-BE54-9A1E7A4F7556}") = "Forest.Data", "..\Forest.Data\Forest.Data.csproj", "{C0EBC8F1-8489-46F1-BB29-2E6551518D68}"
EndProject
Project("{9A19103F-16F7-4668-BE54-9A1E7A4F7556}") = "Forest.Services", "..\Forest.Services\Forest.Services.csproj", "{F3A3C191-0496-4820-B60E-29C55E676B3A}"
EndProject
Project("{9A19103F-16F7-4668-BE54-9A1E7A4F7556}") = "Forest.OutServices", "..\Forest.OutServices\Forest.OutServices.csproj", "{FCF817A3-1020-4B64-A0E5-E53FF35C6391}"
EndProject
Project("{FAE04EC0-301F-11D3-BF4B-00C04F79EFBC}") = "ForestWebApi", "..\ForestWebApi\ForestWebApi.csproj", "{BF5B776F-349E-401E-892B-B99614D64118}"
EndProject
Global
	GlobalSection(SolutionConfigurationPlatforms) = preSolution
		Debug|Any CPU = Debug|Any CPU
		Release|Any CPU = Release|Any CPU
	EndGlobalSection
	GlobalSection(ProjectConfigurationPlatforms) = postSolution
		{D5B6F1FC-E4C1-4CD3-96F2-D660DF315755}.Debug|Any CPU.ActiveCfg = Debug|Any CPU
		{D5B6F1FC-E4C1-4CD3-96F2-D660DF315755}.Debug|Any CPU.Build.0 = Debug|Any CPU
		{D5B6F1FC-E4C1-4CD3-96F2-D660DF315755}.Release|Any CPU.ActiveCfg = Release|Any CPU
		{D5B6F1FC-E4C1-4CD3-96F2-D660DF315755}.Release|Any CPU.Build.0 = Release|Any CPU
		{C0EBC8F1-8489-46F1-BB29-2E6551518D68}.Debug|Any CPU.ActiveCfg = Debug|Any CPU
		{C0EBC8F1-8489-46F1-BB29-2E6551518D68}.Debug|Any CPU.Build.0 = Debug|Any CPU
		{C0EBC8F1-8489-46F1-BB29-2E6551518D68}.Release|Any CPU.ActiveCfg = Release|Any CPU
		{C0EBC8F1-8489-46F1-BB29-2E6551518D68}.Release|Any CPU.Build.0 = Release|Any CPU
		{F3A3C191-0496-4820-B60E-29C55E676B3A}.Debug|Any CPU.ActiveCfg = Debug|Any CPU
		{F3A3C191-0496-4820-B60E-29C55E676B3A}.Debug|Any CPU.Build.0 = Debug|Any CPU
		{F3A3C191-0496-4820-B60E-29C55E676B3A}.Release|Any CPU.ActiveCfg = Release|Any CPU
		{F3A3C191-0496-4820-B60E-29C55E676B3A}.Release|Any CPU.Build.0 = Release|Any CPU
		{FCF817A3-1020-4B64-A0E5-E53FF35C6391}.Debug|Any CPU.ActiveCfg = Debug|Any CPU
		{FCF817A3-1020-4B64-A0E5-E53FF35C6391}.Debug|Any CPU.Build.0 = Debug|Any CPU
		{FCF817A3-1020-4B64-A0E5-E53FF35C6391}.Release|Any CPU.ActiveCfg = Release|Any CPU
		{FCF817A3-1020-4B64-A0E5-E53FF35C6391}.Release|Any CPU.Build.0 = Release|Any CPU
		{BF5B776F-349E-401E-892B-B99614D64118}.Debug|Any CPU.ActiveCfg = Debug|Any CPU
		{BF5B776F-349E-401E-892B-B99614D64118}.Debug|Any CPU.Build.0 = Debug|Any CPU
		{BF5B776F-349E-401E-892B-B99614D64118}.Release|Any CPU.ActiveCfg = Release|Any CPU
		{BF5B776F-349E-401E-892B-B99614D64118}.Release|Any CPU.Build.0 = Release|Any CPU
	EndGlobalSection
	GlobalSection(SolutionProperties) = preSolution
		HideSolutionNode = FALSE
	EndGlobalSection
	GlobalSection(ExtensibilityGlobals) = postSolution
		SolutionGuid = {C03268B7-63BA-404F-8EA2-5D3DF897E1CB}
	EndGlobalSection
EndGlobal
